
Microsoft Visual Studio Solution File, Format Version 12.00
# Visual Studio Version 17
VisualStudioVersion = 17.4.33122.133
MinimumVisualStudioVersion = 10.0.40219.1
Project("{9A19103F-16F7-4668-BE54-9A1E7A4F7556}") = "WPF_Project", "WPF_Project\WPF_Project.csproj", "{D6446ECD-9CCF-4BFD-8E14-CD3EF86FBDB4}"
EndProject
Global
	GlobalSection(SolutionConfigurationPlatforms) = preSolution
		Debug|Any CPU = Debug|Any CPU
		Release|Any CPU = Release|Any CPU
	EndGlobalSection
	GlobalSection(ProjectConfigurationPlatforms) = postSolution
		{D6446ECD-9CCF-4BFD-8E14-CD3EF86FBDB4}.Debug|Any CPU.ActiveCfg = Debug|Any CPU
		{D6446ECD-9CCF-4BFD-8E14-CD3EF86FBDB4}.Debug|Any CPU.Build.0 = Debug|Any CPU
		{D6446ECD-9CCF-4BFD-8E14-CD3EF86FBDB4}.Release|Any CPU.ActiveCfg = Release|Any CPU
		{D6446ECD-9CCF-4BFD-8E14-CD3EF86FBDB4}.Release|Any CPU.Build.0 = Release|Any CPU
	EndGlobalSection
	GlobalSection(SolutionProperties) = preSolution
		HideSolutionNode = FALSE
	EndGlobalSection
	GlobalSection(ExtensibilityGlobals) = postSolution
		SolutionGuid = {8AA77D99-C8AC-40AF-9768-33562E3615EC}
	EndGlobalSection
EndGlobal
